
Microsoft Visual Studio Solution File, Format Version 12.00
# Visual Studio Version 17
VisualStudioVersion = 17.3.32929.385
MinimumVisualStudioVersion = 10.0.40219.1
Project("{FAE04EC0-301F-11D3-BF4B-00C04F79EFBC}") = "task", "task\task.csproj", "{3F687D16-977D-4BE9-AE23-C52F57EEED79}"
EndProject
Global
	GlobalSection(SolutionConfigurationPlatforms) = preSolution
		Debug|Any CPU = Debug|Any CPU
		Release|Any CPU = Release|Any CPU
	EndGlobalSection
	GlobalSection(ProjectConfigurationPlatforms) = postSolution
		{3F687D16-977D-4BE9-AE23-C52F57EEED79}.Debug|Any CPU.ActiveCfg = Debug|Any CPU
		{3F687D16-977D-4BE9-AE23-C52F57EEED79}.Debug|Any CPU.Build.0 = Debug|Any CPU
		{3F687D16-977D-4BE9-AE23-C52F57EEED79}.Release|Any CPU.ActiveCfg = Release|Any CPU
		{3F687D16-977D-4BE9-AE23-C52F57EEED79}.Release|Any CPU.Build.0 = Release|Any CPU
	EndGlobalSection
	GlobalSection(SolutionProperties) = preSolution
		HideSolutionNode = FALSE
	EndGlobalSection
	GlobalSection(ExtensibilityGlobals) = postSolution
		SolutionGuid = {E689A691-3A49-43BB-AFB9-97FC6354B1CE}
	EndGlobalSection
EndGlobal
